
Microsoft Visual Studio Solution File, Format Version 12.00
# Visual Studio Version 16
VisualStudioVersion = 16.0.30907.101
MinimumVisualStudioVersion = 10.0.40219.1
Project("{FAE04EC0-301F-11D3-BF4B-00C04F79EFBC}") = "Crypt", "Crypt\Crypt.csproj", "{3EEE0D79-DE92-4FD8-9E20-434A3C5A25CE}"
EndProject
Project("{FAE04EC0-301F-11D3-BF4B-00C04F79EFBC}") = "B64", "B64\B64.csproj", "{377238C8-A345-46CE-9A14-438E4A724CED}"
EndProject
Project("{FAE04EC0-301F-11D3-BF4B-00C04F79EFBC}") = "Split", "Split\Split.csproj", "{1D01C1A7-AF33-4542-8077-29011858D0AB}"
EndProject
Global
	GlobalSection(SolutionConfigurationPlatforms) = preSolution
		Debug|Any CPU = Debug|Any CPU
		Release|Any CPU = Release|Any CPU
	EndGlobalSection
	GlobalSection(ProjectConfigurationPlatforms) = postSolution
		{3EEE0D79-DE92-4FD8-9E20-434A3C5A25CE}.Debug|Any CPU.ActiveCfg = Debug|Any CPU
		{3EEE0D79-DE92-4FD8-9E20-434A3C5A25CE}.Debug|Any CPU.Build.0 = Debug|Any CPU
		{3EEE0D79-DE92-4FD8-9E20-434A3C5A25CE}.Release|Any CPU.ActiveCfg = Release|Any CPU
		{3EEE0D79-DE92-4FD8-9E20-434A3C5A25CE}.Release|Any CPU.Build.0 = Release|Any CPU
		{377238C8-A345-46CE-9A14-438E4A724CED}.Debug|Any CPU.ActiveCfg = Debug|Any CPU
		{377238C8-A345-46CE-9A14-438E4A724CED}.Debug|Any CPU.Build.0 = Debug|Any CPU
		{377238C8-A345-46CE-9A14-438E4A724CED}.Release|Any CPU.ActiveCfg = Release|Any CPU
		{377238C8-A345-46CE-9A14-438E4A724CED}.Release|Any CPU.Build.0 = Release|Any CPU
		{1D01C1A7-AF33-4542-8077-29011858D0AB}.Debug|Any CPU.ActiveCfg = Debug|Any CPU
		{1D01C1A7-AF33-4542-8077-29011858D0AB}.Debug|Any CPU.Build.0 = Debug|Any CPU
		{1D01C1A7-AF33-4542-8077-29011858D0AB}.Release|Any CPU.ActiveCfg = Release|Any CPU
		{1D01C1A7-AF33-4542-8077-29011858D0AB}.Release|Any CPU.Build.0 = Release|Any CPU
	EndGlobalSection
	GlobalSection(SolutionProperties) = preSolution
		HideSolutionNode = FALSE
	EndGlobalSection
	GlobalSection(ExtensibilityGlobals) = postSolution
		SolutionGuid = {B4ADD609-2872-46AA-97BE-A9ACC9F2CCF5}
	EndGlobalSection
EndGlobal
